
Microsoft Visual Studio Solution File, Format Version 12.00
# Visual Studio Version 17
VisualStudioVersion = 17.12.35707.178
MinimumVisualStudioVersion = 10.0.40219.1
Project("{FAE04EC0-301F-11D3-BF4B-00C04F79EFBC}") = "BudgetTrackerAPI", "BudgetTrackerAPI\BudgetTrackerAPI.csproj", "{13ADFF14-A3C3-47EE-B847-AFE3F486B171}"
EndProject
Project("{FAE04EC0-301F-11D3-BF4B-00C04F79EFBC}") = "BudgetTrackerWebApp", "BudgetTrackerWebApp\BudgetTrackerWebApp.csproj", "{531DDE37-B4FD-409C-B20C-B617A01E3701}"
EndProject
Global
	GlobalSection(SolutionConfigurationPlatforms) = preSolution
		Debug|Any CPU = Debug|Any CPU
		Release|Any CPU = Release|Any CPU
	EndGlobalSection
	GlobalSection(ProjectConfigurationPlatforms) = postSolution
		{13ADFF14-A3C3-47EE-B847-AFE3F486B171}.Debug|Any CPU.ActiveCfg = Debug|Any CPU
		{13ADFF14-A3C3-47EE-B847-AFE3F486B171}.Debug|Any CPU.Build.0 = Debug|Any CPU
		{13ADFF14-A3C3-47EE-B847-AFE3F486B171}.Release|Any CPU.ActiveCfg = Release|Any CPU
		{13ADFF14-A3C3-47EE-B847-AFE3F486B171}.Release|Any CPU.Build.0 = Release|Any CPU
		{531DDE37-B4FD-409C-B20C-B617A01E3701}.Debug|Any CPU.ActiveCfg = Debug|Any CPU
		{531DDE37-B4FD-409C-B20C-B617A01E3701}.Debug|Any CPU.Build.0 = Debug|Any CPU
		{531DDE37-B4FD-409C-B20C-B617A01E3701}.Release|Any CPU.ActiveCfg = Release|Any CPU
		{531DDE37-B4FD-409C-B20C-B617A01E3701}.Release|Any CPU.Build.0 = Release|Any CPU
	EndGlobalSection
	GlobalSection(SolutionProperties) = preSolution
		HideSolutionNode = FALSE
	EndGlobalSection
EndGlobal
